{
  "version": "5",
  "specifiers": {
    "jsr:@std/assert@1": "1.0.13",
    "jsr:@std/cli@1": "1.0.20",
    "jsr:@std/internal@^1.0.6": "1.0.8",
    "jsr:@std/path@1": "1.1.0"
  },
  "jsr": {
    "@std/assert@1.0.13": {
      "integrity": "ae0d31e41919b12c656c742b22522c32fb26ed0cba32975cb0de2a273cb68b29",
      "dependencies": [
        "jsr:@std/internal"
      ]
    },
    "@std/cli@1.0.20": {
      "integrity": "a8c384a2c98cec6ec6a2055c273a916e2772485eb784af0db004c5ab8ba52333"
    },
    "@std/internal@1.0.8": {
      "integrity": "fc66e846d8d38a47cffd274d80d2ca3f0de71040f855783724bb6b87f60891f5"
    },
    "@std/path@1.1.0": {
      "integrity": "ddc94f8e3c275627281cbc23341df6b8bcc874d70374f75fec2533521e3d6886"
    }
  },
  "workspace": {
    "dependencies": [
      "jsr:@std/assert@1",
      "jsr:@std/cli@1",
      "jsr:@std/path@1",
      "npm:loglayer@9.1.0"
    ]
  }
}
