{
  "version": "5",
  "specifiers": {
    "jsr:@std/assert@1": "1.0.13",
    "jsr:@std/cli@1": "1.0.20",
    "jsr:@std/internal@^1.0.6": "1.0.8",
    "jsr:@std/path@1": "1.1.0",
    "npm:loglayer@9.1.0": "9.1.0"
  },
  "jsr": {
    "@std/assert@1.0.13": {
      "integrity": "ae0d31e41919b12c656c742b22522c32fb26ed0cba32975cb0de2a273cb68b29",
      "dependencies": [
        "jsr:@std/internal"
      ]
    },
    "@std/cli@1.0.20": {
      "integrity": "a8c384a2c98cec6ec6a2055c273a916e2772485eb784af0db004c5ab8ba52333"
    },
    "@std/internal@1.0.8": {
      "integrity": "fc66e846d8d38a47cffd274d80d2ca3f0de71040f855783724bb6b87f60891f5"
    },
    "@std/path@1.1.0": {
      "integrity": "ddc94f8e3c275627281cbc23341df6b8bcc874d70374f75fec2533521e3d6886"
    }
  },
  "npm": {
    "@loglayer/context-manager@2.0.2": {
      "integrity": "sha512-IVt/iqACGw2GnucKOpyJ69MbGQSRzsArOwsTNMuOAfzm36zTphGIH4K7g7lhRvcd2jY0dZzvWA6tCqannpgXXg==",
      "dependencies": [
        "@loglayer/shared"
      ]
    },
    "@loglayer/log-level-manager@2.0.2": {
      "integrity": "sha512-hq6hjkXzrYyz0DwYUqizP0hS3jhPl5S/7U33Cd0EPbfLmDjYWzzcM0mQKUdtBi6qNX4DAPpag3oBGytB2zmghg==",
      "dependencies": [
        "@loglayer/shared"
      ]
    },
    "@loglayer/plugin@3.0.2": {
      "integrity": "sha512-ghIYpuPw/Q0jdlr7ErkaySfsSCsIigwIb1lvR5qhZrz3oEqGotDFZzhgU1YeO7BacA042ygv/xww3Ip3ROokeg==",
      "dependencies": [
        "@loglayer/shared"
      ]
    },
    "@loglayer/shared@4.1.0": {
      "integrity": "sha512-hGSWhLhMF9L7sB0rXippvKhku9D9dT8imZ5OFpa4VHAVnclY0DQ+3wIPE37rzu0QAiBbyR3/HH03Q1Cgik8zYA=="
    },
    "@loglayer/transport@3.0.2": {
      "integrity": "sha512-5t0lj/ibQQxGPpghNta8u10zl8owU0my/i2fHF/LdcCAtpw/IHblmpKSgOzdH9XE19Ub/i0VYj0JrFrFv8/NXw==",
      "dependencies": [
        "@loglayer/shared"
      ]
    },
    "loglayer@9.1.0": {
      "integrity": "sha512-KFCtoydUtfshszDMIEMa180MMT4jDgBz7FkkO0r3mLDzOkfqGUCbtH9DRszK/pEPrG7999FXfBsyv4DNhvmrag==",
      "dependencies": [
        "@loglayer/context-manager",
        "@loglayer/log-level-manager",
        "@loglayer/plugin",
        "@loglayer/shared",
        "@loglayer/transport"
      ]
    }
  },
  "workspace": {
    "dependencies": [
      "jsr:@std/assert@1",
      "jsr:@std/cli@1",
      "jsr:@std/path@1",
      "npm:loglayer@9.1.0"
    ]
  }
}
